
Microsoft Visual Studio Solution File, Format Version 12.00
Project("{FAE04EC0-301F-11D3-BF4B-00C04F79EFBC}") = "MatrixCalc", "MatrixCalc.csproj", "{F38EC2E8-F94B-4DC6-9219-B4DEF6C2AECF}"
EndProject
Global
	GlobalSection(SolutionConfigurationPlatforms) = preSolution
		Debug|Any CPU = Debug|Any CPU
		Release|Any CPU = Release|Any CPU
	EndGlobalSection
	GlobalSection(ProjectConfigurationPlatforms) = postSolution
		{F38EC2E8-F94B-4DC6-9219-B4DEF6C2AECF}.Debug|Any CPU.ActiveCfg = Debug|Any CPU
		{F38EC2E8-F94B-4DC6-9219-B4DEF6C2AECF}.Debug|Any CPU.Build.0 = Debug|Any CPU
		{F38EC2E8-F94B-4DC6-9219-B4DEF6C2AECF}.Release|Any CPU.ActiveCfg = Release|Any CPU
		{F38EC2E8-F94B-4DC6-9219-B4DEF6C2AECF}.Release|Any CPU.Build.0 = Release|Any CPU
	EndGlobalSection
EndGlobal
